
Microsoft Visual Studio Solution File, Format Version 12.00
# Visual Studio Version 17
VisualStudioVersion = 17.2.32616.157
MinimumVisualStudioVersion = 10.0.40219.1
Project("{9A19103F-16F7-4668-BE54-9A1E7A4F7556}") = "UltraSkins", "UltraSkins\UltraSkins.csproj", "{35A5DFF8-FD81-485F-8629-29E89CB13201}"
EndProject
Project("{9A19103F-16F7-4668-BE54-9A1E7A4F7556}") = "USutils", "USutils\USutils.csproj", "{EC088E5C-661B-4EB5-8DAF-3078A30A8FDE}"
EndProject
Global
	GlobalSection(SolutionConfigurationPlatforms) = preSolution
		Alpha|Any CPU = Alpha|Any CPU
		Alpha|ARM = Alpha|ARM
		Alpha|ARM64 = Alpha|ARM64
		Alpha|x64 = Alpha|x64
		Alpha|x86 = Alpha|x86
		Canary|Any CPU = Canary|Any CPU
		Canary|ARM = Canary|ARM
		Canary|ARM64 = Canary|ARM64
		Canary|x64 = Canary|x64
		Canary|x86 = Canary|x86
		Debug|Any CPU = Debug|Any CPU
		Debug|ARM = Debug|ARM
		Debug|ARM64 = Debug|ARM64
		Debug|x64 = Debug|x64
		Debug|x86 = Debug|x86
		Release|Any CPU = Release|Any CPU
		Release|ARM = Release|ARM
		Release|ARM64 = Release|ARM64
		Release|x64 = Release|x64
		Release|x86 = Release|x86
	EndGlobalSection
	GlobalSection(ProjectConfigurationPlatforms) = postSolution
		{35A5DFF8-FD81-485F-8629-29E89CB13201}.Alpha|Any CPU.ActiveCfg = Alpha|Any CPU
		{35A5DFF8-FD81-485F-8629-29E89CB13201}.Alpha|Any CPU.Build.0 = Alpha|Any CPU
		{35A5DFF8-FD81-485F-8629-29E89CB13201}.Alpha|ARM.ActiveCfg = Alpha|Any CPU
		{35A5DFF8-FD81-485F-8629-29E89CB13201}.Alpha|ARM.Build.0 = Alpha|Any CPU
		{35A5DFF8-FD81-485F-8629-29E89CB13201}.Alpha|ARM64.ActiveCfg = Alpha|Any CPU
		{35A5DFF8-FD81-485F-8629-29E89CB13201}.Alpha|ARM64.Build.0 = Alpha|Any CPU
		{35A5DFF8-FD81-485F-8629-29E89CB13201}.Alpha|x64.ActiveCfg = Alpha|Any CPU
		{35A5DFF8-FD81-485F-8629-29E89CB13201}.Alpha|x64.Build.0 = Alpha|Any CPU
		{35A5DFF8-FD81-485F-8629-29E89CB13201}.Alpha|x86.ActiveCfg = Alpha|Any CPU
		{35A5DFF8-FD81-485F-8629-29E89CB13201}.Alpha|x86.Build.0 = Alpha|Any CPU
		{35A5DFF8-FD81-485F-8629-29E89CB13201}.Canary|Any CPU.ActiveCfg = Canary|Any CPU
		{35A5DFF8-FD81-485F-8629-29E89CB13201}.Canary|Any CPU.Build.0 = Canary|Any CPU
		{35A5DFF8-FD81-485F-8629-29E89CB13201}.Canary|ARM.ActiveCfg = Canary|Any CPU
		{35A5DFF8-FD81-485F-8629-29E89CB13201}.Canary|ARM.Build.0 = Canary|Any CPU
		{35A5DFF8-FD81-485F-8629-29E89CB13201}.Canary|ARM64.ActiveCfg = Canary|Any CPU
		{35A5DFF8-FD81-485F-8629-29E89CB13201}.Canary|ARM64.Build.0 = Canary|Any CPU
		{35A5DFF8-FD81-485F-8629-29E89CB13201}.Canary|x64.ActiveCfg = Canary|Any CPU
		{35A5DFF8-FD81-485F-8629-29E89CB13201}.Canary|x64.Build.0 = Canary|Any CPU
		{35A5DFF8-FD81-485F-8629-29E89CB13201}.Canary|x86.ActiveCfg = Canary|Any CPU
		{35A5DFF8-FD81-485F-8629-29E89CB13201}.Canary|x86.Build.0 = Canary|Any CPU
		{35A5DFF8-FD81-485F-8629-29E89CB13201}.Debug|Any CPU.ActiveCfg = Debug|Any CPU
		{35A5DFF8-FD81-485F-8629-29E89CB13201}.Debug|Any CPU.Build.0 = Debug|Any CPU
		{35A5DFF8-FD81-485F-8629-29E89CB13201}.Debug|ARM.ActiveCfg = Debug|Any CPU
		{35A5DFF8-FD81-485F-8629-29E89CB13201}.Debug|ARM.Build.0 = Debug|Any CPU
		{35A5DFF8-FD81-485F-8629-29E89CB13201}.Debug|ARM64.ActiveCfg = Debug|Any CPU
		{35A5DFF8-FD81-485F-8629-29E89CB13201}.Debug|ARM64.Build.0 = Debug|Any CPU
		{35A5DFF8-FD81-485F-8629-29E89CB13201}.Debug|x64.ActiveCfg = Debug|Any CPU
		{35A5DFF8-FD81-485F-8629-29E89CB13201}.Debug|x64.Build.0 = Debug|Any CPU
		{35A5DFF8-FD81-485F-8629-29E89CB13201}.Debug|x86.ActiveCfg = Debug|Any CPU
		{35A5DFF8-FD81-485F-8629-29E89CB13201}.Debug|x86.Build.0 = Debug|Any CPU
		{35A5DFF8-FD81-485F-8629-29E89CB13201}.Release|Any CPU.ActiveCfg = Release|Any CPU
		{35A5DFF8-FD81-485F-8629-29E89CB13201}.Release|Any CPU.Build.0 = Release|Any CPU
		{35A5DFF8-FD81-485F-8629-29E89CB13201}.Release|ARM.ActiveCfg = Release|Any CPU
		{35A5DFF8-FD81-485F-8629-29E89CB13201}.Release|ARM.Build.0 = Release|Any CPU
		{35A5DFF8-FD81-485F-8629-29E89CB13201}.Release|ARM64.ActiveCfg = Release|Any CPU
		{35A5DFF8-FD81-485F-8629-29E89CB13201}.Release|ARM64.Build.0 = Release|Any CPU
		{35A5DFF8-FD81-485F-8629-29E89CB13201}.Release|x64.ActiveCfg = Release|Any CPU
		{35A5DFF8-FD81-485F-8629-29E89CB13201}.Release|x64.Build.0 = Release|Any CPU
		{35A5DFF8-FD81-485F-8629-29E89CB13201}.Release|x86.ActiveCfg = Release|Any CPU
		{35A5DFF8-FD81-485F-8629-29E89CB13201}.Release|x86.Build.0 = Release|Any CPU
		{EC088E5C-661B-4EB5-8DAF-3078A30A8FDE}.Alpha|Any CPU.ActiveCfg = Canary|Any CPU
		{EC088E5C-661B-4EB5-8DAF-3078A30A8FDE}.Alpha|Any CPU.Build.0 = Canary|Any CPU
		{EC088E5C-661B-4EB5-8DAF-3078A30A8FDE}.Alpha|ARM.ActiveCfg = Canary|Any CPU
		{EC088E5C-661B-4EB5-8DAF-3078A30A8FDE}.Alpha|ARM.Build.0 = Canary|Any CPU
		{EC088E5C-661B-4EB5-8DAF-3078A30A8FDE}.Alpha|ARM64.ActiveCfg = Canary|Any CPU
		{EC088E5C-661B-4EB5-8DAF-3078A30A8FDE}.Alpha|ARM64.Build.0 = Canary|Any CPU
		{EC088E5C-661B-4EB5-8DAF-3078A30A8FDE}.Alpha|x64.ActiveCfg = Canary|Any CPU
		{EC088E5C-661B-4EB5-8DAF-3078A30A8FDE}.Alpha|x64.Build.0 = Canary|Any CPU
		{EC088E5C-661B-4EB5-8DAF-3078A30A8FDE}.Alpha|x86.ActiveCfg = Canary|Any CPU
		{EC088E5C-661B-4EB5-8DAF-3078A30A8FDE}.Alpha|x86.Build.0 = Canary|Any CPU
		{EC088E5C-661B-4EB5-8DAF-3078A30A8FDE}.Canary|Any CPU.ActiveCfg = Release|Any CPU
		{EC088E5C-661B-4EB5-8DAF-3078A30A8FDE}.Canary|Any CPU.Build.0 = Release|Any CPU
		{EC088E5C-661B-4EB5-8DAF-3078A30A8FDE}.Canary|ARM.ActiveCfg = Release|Any CPU
		{EC088E5C-661B-4EB5-8DAF-3078A30A8FDE}.Canary|ARM.Build.0 = Release|Any CPU
		{EC088E5C-661B-4EB5-8DAF-3078A30A8FDE}.Canary|ARM64.ActiveCfg = Release|Any CPU
		{EC088E5C-661B-4EB5-8DAF-3078A30A8FDE}.Canary|ARM64.Build.0 = Release|Any CPU
		{EC088E5C-661B-4EB5-8DAF-3078A30A8FDE}.Canary|x64.ActiveCfg = Release|Any CPU
		{EC088E5C-661B-4EB5-8DAF-3078A30A8FDE}.Canary|x64.Build.0 = Release|Any CPU
		{EC088E5C-661B-4EB5-8DAF-3078A30A8FDE}.Canary|x86.ActiveCfg = Release|Any CPU
		{EC088E5C-661B-4EB5-8DAF-3078A30A8FDE}.Canary|x86.Build.0 = Release|Any CPU
		{EC088E5C-661B-4EB5-8DAF-3078A30A8FDE}.Debug|Any CPU.ActiveCfg = Debug|Any CPU
		{EC088E5C-661B-4EB5-8DAF-3078A30A8FDE}.Debug|Any CPU.Build.0 = Debug|Any CPU
		{EC088E5C-661B-4EB5-8DAF-3078A30A8FDE}.Debug|ARM.ActiveCfg = Debug|Any CPU
		{EC088E5C-661B-4EB5-8DAF-3078A30A8FDE}.Debug|ARM.Build.0 = Debug|Any CPU
		{EC088E5C-661B-4EB5-8DAF-3078A30A8FDE}.Debug|ARM64.ActiveCfg = Debug|Any CPU
		{EC088E5C-661B-4EB5-8DAF-3078A30A8FDE}.Debug|ARM64.Build.0 = Debug|Any CPU
		{EC088E5C-661B-4EB5-8DAF-3078A30A8FDE}.Debug|x64.ActiveCfg = Debug|Any CPU
		{EC088E5C-661B-4EB5-8DAF-3078A30A8FDE}.Debug|x64.Build.0 = Debug|Any CPU
		{EC088E5C-661B-4EB5-8DAF-3078A30A8FDE}.Debug|x86.ActiveCfg = Debug|Any CPU
		{EC088E5C-661B-4EB5-8DAF-3078A30A8FDE}.Debug|x86.Build.0 = Debug|Any CPU
		{EC088E5C-661B-4EB5-8DAF-3078A30A8FDE}.Release|Any CPU.ActiveCfg = Release|Any CPU
		{EC088E5C-661B-4EB5-8DAF-3078A30A8FDE}.Release|Any CPU.Build.0 = Release|Any CPU
		{EC088E5C-661B-4EB5-8DAF-3078A30A8FDE}.Release|ARM.ActiveCfg = Release|Any CPU
		{EC088E5C-661B-4EB5-8DAF-3078A30A8FDE}.Release|ARM.Build.0 = Release|Any CPU
		{EC088E5C-661B-4EB5-8DAF-3078A30A8FDE}.Release|ARM64.ActiveCfg = Release|Any CPU
		{EC088E5C-661B-4EB5-8DAF-3078A30A8FDE}.Release|ARM64.Build.0 = Release|Any CPU
		{EC088E5C-661B-4EB5-8DAF-3078A30A8FDE}.Release|x64.ActiveCfg = Release|Any CPU
		{EC088E5C-661B-4EB5-8DAF-3078A30A8FDE}.Release|x64.Build.0 = Release|Any CPU
		{EC088E5C-661B-4EB5-8DAF-3078A30A8FDE}.Release|x86.ActiveCfg = Release|Any CPU
		{EC088E5C-661B-4EB5-8DAF-3078A30A8FDE}.Release|x86.Build.0 = Release|Any CPU
	EndGlobalSection
	GlobalSection(SolutionProperties) = preSolution
		HideSolutionNode = FALSE
	EndGlobalSection
	GlobalSection(ExtensibilityGlobals) = postSolution
		SolutionGuid = {3444C9E8-A499-44FD-9504-D35BABA97E96}
	EndGlobalSection
EndGlobal
